
Microsoft Visual Studio Solution File, Format Version 12.00
# Visual Studio 14
VisualStudioVersion = 14.0.23107.0
MinimumVisualStudioVersion = 10.0.40219.1
Project("{F184B08F-C81C-45F6-A57F-5ABD9991F28F}") = "Assignment-6-Donuts.VB", "Charlie.And.The.Donut.Factory.VB\Assignment-6-Donuts.VB.vbproj", "{35263FA1-543D-45CF-82A5-AB0892B64492}"
EndProject
Global
	GlobalSection(SolutionConfigurationPlatforms) = preSolution
		Debug|Any CPU = Debug|Any CPU
		Release|Any CPU = Release|Any CPU
	EndGlobalSection
	GlobalSection(ProjectConfigurationPlatforms) = postSolution
		{35263FA1-543D-45CF-82A5-AB0892B64492}.Debug|Any CPU.ActiveCfg = Debug|Any CPU
		{35263FA1-543D-45CF-82A5-AB0892B64492}.Debug|Any CPU.Build.0 = Debug|Any CPU
		{35263FA1-543D-45CF-82A5-AB0892B64492}.Release|Any CPU.ActiveCfg = Release|Any CPU
		{35263FA1-543D-45CF-82A5-AB0892B64492}.Release|Any CPU.Build.0 = Release|Any CPU
	EndGlobalSection
	GlobalSection(SolutionProperties) = preSolution
		HideSolutionNode = FALSE
	EndGlobalSection
EndGlobal
